PODS:
  - SwiftyCodeView (0.3.2):
    - SwiftyCodeView/Core (= 0.3.2)
  - SwiftyCodeView/Core (0.3.2)

DEPENDENCIES:
  - SwiftyCodeView (from `../`)

EXTERNAL SOURCES:
  SwiftyCodeView:
    :path: "../"

SPEC CHECKSUMS:
  SwiftyCodeView: 082cf06c43dfb2cfe4698a44b392333c2f7d5a50

PODFILE CHECKSUM: cccd866469561105d55f469b5694820027ad1f6c

COCOAPODS: 1.7.0.rc.2
